{
  "nodes": {
    "flake-utils": {
      "inputs": {
        "systems": "systems"
      },
      "locked": {
        "lastModified": 1731533236,
        "narHash": "sha256-l0KFg5HjrsfsO/JpG+r7fRrqm12kzFHyUHqHCVpMMbI=",
        "owner": "numtide",
        "repo": "flake-utils",
        "rev": "11707dc2f618dd54ca8739b309ec4fc024de578b",
        "type": "github"
      },
      "original": {
        "owner": "numtide",
        "repo": "flake-utils",
        "type": "github"
      }
    },
    "nixpkgs-unpatched": {
      "locked": {
        "lastModified": 1776544041,
        "narHash": "sha256-ryzOZLvuS/4ZbYJzR8+wYZpyG/Ssp6BAe6oTQ8ttAqU=",
        "owner": "NixOS",
        "repo": "nixpkgs",
        "rev": "f731538cdf1410a3c53d3a75a6a1142afc08e3af",
        "type": "github"
      },
      "original": {
        "owner": "NixOS",
        "ref": "nixos-unstable-small",
        "repo": "nixpkgs",
        "type": "github"
      }
    },
    "root": {
      "inputs": {
        "flake-utils": "flake-utils",
        "nixpkgs-unpatched": "nixpkgs-unpatched",
        "tts-utils": "tts-utils"
      }
    },
    "systems": {
      "locked": {
        "lastModified": 1681028828,
        "narHash": "sha256-Vy1rq5AaRuLzOxct8nz4T6wlgyUR7zLU309k9mBC768=",
        "owner": "nix-systems",
        "repo": "default",
        "rev": "da67096a3b9bf56a91d16901293e51ba5b49a27e",
        "type": "github"
      },
      "original": {
        "owner": "nix-systems",
        "repo": "default",
        "type": "github"
      }
    },
    "tts-utils": {
      "locked": {
        "lastModified": 1772477505,
        "narHash": "sha256-0VdO1L/VWq3BK6+32mKPTThMB6L6eNKGfTFEKB+lOwk=",
        "owner": "Discord-TTS",
        "repo": "shared-workflows",
        "rev": "25d7ca8a1e6cf3ed6c236073d368a03db736cd64",
        "type": "github"
      },
      "original": {
        "owner": "Discord-TTS",
        "repo": "shared-workflows",
        "type": "github"
      }
    }
  },
  "root": "root",
  "version": 7
}
