{
  "nodes": {
    "flake-utils": {
      "inputs": {
        "systems": "systems"
      },
      "locked": {
        "lastModified": 1731533236,
        "narHash": "sha256-l0KFg5HjrsfsO/JpG+r7fRrqm12kzFHyUHqHCVpMMbI=",
        "owner": "numtide",
        "repo": "flake-utils",
        "rev": "11707dc2f618dd54ca8739b309ec4fc024de578b",
        "type": "github"
      },
      "original": {
        "owner": "numtide",
        "repo": "flake-utils",
        "type": "github"
      }
    },
    "nixpkgs": {
      "locked": {
        "lastModified": 1772370856,
        "narHash": "sha256-OXf9tB+s1EPCzIBR4eIQTm1dbbfVgjPNEGChgwEvvIU=",
        "owner": "NixOS",
        "repo": "nixpkgs",
        "rev": "80c8eb1779ca2aa3a84a9c553dd1ef1e3430867b",
        "type": "github"
      },
      "original": {
        "owner": "NixOS",
        "ref": "nixos-unstable-small",
        "repo": "nixpkgs",
        "type": "github"
      }
    },
    "root": {
      "inputs": {
        "flake-utils": "flake-utils",
        "nixpkgs": "nixpkgs",
        "tts-utils": "tts-utils"
      }
    },
    "systems": {
      "locked": {
        "lastModified": 1681028828,
        "narHash": "sha256-Vy1rq5AaRuLzOxct8nz4T6wlgyUR7zLU309k9mBC768=",
        "owner": "nix-systems",
        "repo": "default",
        "rev": "da67096a3b9bf56a91d16901293e51ba5b49a27e",
        "type": "github"
      },
      "original": {
        "owner": "nix-systems",
        "repo": "default",
        "type": "github"
      }
    },
    "tts-utils": {
      "locked": {
        "lastModified": 1772402796,
        "narHash": "sha256-xmXDDXINq1gDWGdNWkBuW8B4jsfq4krui26Ejsv3CdU=",
        "owner": "Discord-TTS",
        "repo": "shared-workflows",
        "rev": "04abc70cf16f332b3428be16ec8359e51720eeac",
        "type": "github"
      },
      "original": {
        "owner": "Discord-TTS",
        "repo": "shared-workflows",
        "type": "github"
      }
    }
  },
  "root": "root",
  "version": 7
}
